
Microsoft Visual Studio Solution File, Format Version 12.00
# Visual Studio Version 17
VisualStudioVersion = 17.8.34408.163
MinimumVisualStudioVersion = 10.0.40219.1
Project("{FAE04EC0-301F-11D3-BF4B-00C04F79EFBC}") = "M06UF2Pr1JoanMendo", "M06UF2Pr1JoanMendo.csproj", "{21BFE950-0F75-49B5-9DDD-9FA050C79A89}"
EndProject
Global
	GlobalSection(SolutionConfigurationPlatforms) = preSolution
		Debug|Any CPU = Debug|Any CPU
		Release|Any CPU = Release|Any CPU
	EndGlobalSection
	GlobalSection(ProjectConfigurationPlatforms) = postSolution
		{21BFE950-0F75-49B5-9DDD-9FA050C79A89}.Debug|Any CPU.ActiveCfg = Debug|Any CPU
		{21BFE950-0F75-49B5-9DDD-9FA050C79A89}.Debug|Any CPU.Build.0 = Debug|Any CPU
		{21BFE950-0F75-49B5-9DDD-9FA050C79A89}.Release|Any CPU.ActiveCfg = Release|Any CPU
		{21BFE950-0F75-49B5-9DDD-9FA050C79A89}.Release|Any CPU.Build.0 = Release|Any CPU
	EndGlobalSection
	GlobalSection(SolutionProperties) = preSolution
		HideSolutionNode = FALSE
	EndGlobalSection
	GlobalSection(ExtensibilityGlobals) = postSolution
		SolutionGuid = {0C0DDCC3-8385-41B4-8AE6-C6CDFE4C0BB3}
	EndGlobalSection
EndGlobal
